Microsoft Visual Studio Solution File, Format Version 9.00
# Visual C++ Express 2005
Project("{8BC9CEB8-8B4A-11D0-8D11-00A0C91BC942}") = "iTunes Scrobbler", "_iTunes.vcproj", "{50EF2156-958A-4184-B34E-77D7BA2422F5}"
EndProject
Global
	GlobalSection(SolutionConfigurationPlatforms) = preSolution
		Debug|Win32 = Debug|Win32
		NASM Debug|Win32 = NASM Debug|Win32
		NASM Release|Win32 = NASM Release|Win32
		Release|Win32 = Release|Win32
	EndGlobalSection
	GlobalSection(ProjectConfigurationPlatforms) = postSolution
		{50EF2156-958A-4184-B34E-77D7BA2422F5}.Debug|Win32.ActiveCfg = Debug|Win32
		{50EF2156-958A-4184-B34E-77D7BA2422F5}.Debug|Win32.Build.0 = Debug|Win32
		{50EF2156-958A-4184-B34E-77D7BA2422F5}.NASM Debug|Win32.ActiveCfg = Debug|Win32
		{50EF2156-958A-4184-B34E-77D7BA2422F5}.NASM Debug|Win32.Build.0 = Debug|Win32
		{50EF2156-958A-4184-B34E-77D7BA2422F5}.NASM Release|Win32.ActiveCfg = Release|Win32
		{50EF2156-958A-4184-B34E-77D7BA2422F5}.NASM Release|Win32.Build.0 = Release|Win32
		{50EF2156-958A-4184-B34E-77D7BA2422F5}.Release|Win32.ActiveCfg = Release|Win32
		{50EF2156-958A-4184-B34E-77D7BA2422F5}.Release|Win32.Build.0 = Release|Win32
	EndGlobalSection
	GlobalSection(SolutionProperties) = preSolution
		HideSolutionNode = FALSE
	EndGlobalSection
EndGlobal
