Microsoft Visual Studio Solution File, Format Version 9.00
# Visual Studio 2005
Project("{8BC9CEB8-8B4A-11D0-8D11-00A0C91BC942}") = "ScrobSub", "ScrobSub.vcproj", "{6530D504-E2F9-4073-9E42-3138A6085BFA}"
EndProject
Project("{8BC9CEB8-8B4A-11D0-8D11-00A0C91BC942}") = "tests", "tests\tests.vcproj", "{A5600479-1FD0-42F9-BB06-B6BD037709F9}"
	ProjectSection(ProjectDependencies) = postProject
		{6530D504-E2F9-4073-9E42-3138A6085BFA} = {6530D504-E2F9-4073-9E42-3138A6085BFA}
	EndProjectSection
EndProject
Global
	GlobalSection(SolutionConfigurationPlatforms) = preSolution
		Debug|Win32 = Debug|Win32
		Release|Win32 = Release|Win32
	EndGlobalSection
	GlobalSection(ProjectConfigurationPlatforms) = postSolution
		{6530D504-E2F9-4073-9E42-3138A6085BFA}.Debug|Win32.ActiveCfg = Debug|Win32
		{6530D504-E2F9-4073-9E42-3138A6085BFA}.Debug|Win32.Build.0 = Debug|Win32
		{6530D504-E2F9-4073-9E42-3138A6085BFA}.Release|Win32.ActiveCfg = Release|Win32
		{6530D504-E2F9-4073-9E42-3138A6085BFA}.Release|Win32.Build.0 = Release|Win32
		{A5600479-1FD0-42F9-BB06-B6BD037709F9}.Debug|Win32.ActiveCfg = Debug|Win32
		{A5600479-1FD0-42F9-BB06-B6BD037709F9}.Debug|Win32.Build.0 = Debug|Win32
		{A5600479-1FD0-42F9-BB06-B6BD037709F9}.Release|Win32.ActiveCfg = Release|Win32
		{A5600479-1FD0-42F9-BB06-B6BD037709F9}.Release|Win32.Build.0 = Release|Win32
	EndGlobalSection
	GlobalSection(SolutionProperties) = preSolution
		HideSolutionNode = FALSE
	EndGlobalSection
EndGlobal
